
Microsoft Visual Studio Solution File, Format Version 12.00
# Visual Studio 15
VisualStudioVersion = 15.0.28307.1525
MinimumVisualStudioVersion = 10.0.40219.1
Project("{8BC9CEB8-8B4A-11D0-8D11-00A0C91BC942}") = "0622_API", "0622_API\0622_API.vcxproj", "{013DACAA-A014-4CFB-A84A-A706A5CAB21A}"
EndProject
Global
	GlobalSection(SolutionConfigurationPlatforms) = preSolution
		Debug|x64 = Debug|x64
		Debug|x86 = Debug|x86
		Release|x64 = Release|x64
		Release|x86 = Release|x86
	EndGlobalSection
	GlobalSection(ProjectConfigurationPlatforms) = postSolution
		{013DACAA-A014-4CFB-A84A-A706A5CAB21A}.Debug|x64.ActiveCfg = Debug|x64
		{013DACAA-A014-4CFB-A84A-A706A5CAB21A}.Debug|x64.Build.0 = Debug|x64
		{013DACAA-A014-4CFB-A84A-A706A5CAB21A}.Debug|x86.ActiveCfg = Debug|Win32
		{013DACAA-A014-4CFB-A84A-A706A5CAB21A}.Debug|x86.Build.0 = Debug|Win32
		{013DACAA-A014-4CFB-A84A-A706A5CAB21A}.Release|x64.ActiveCfg = Release|x64
		{013DACAA-A014-4CFB-A84A-A706A5CAB21A}.Release|x64.Build.0 = Release|x64
		{013DACAA-A014-4CFB-A84A-A706A5CAB21A}.Release|x86.ActiveCfg = Release|Win32
		{013DACAA-A014-4CFB-A84A-A706A5CAB21A}.Release|x86.Build.0 = Release|Win32
	EndGlobalSection
	GlobalSection(SolutionProperties) = preSolution
		HideSolutionNode = FALSE
	EndGlobalSection
	GlobalSection(ExtensibilityGlobals) = postSolution
		SolutionGuid = {7879EA12-A21F-4D1A-82D1-47BC42951AF6}
	EndGlobalSection
EndGlobal
