
Microsoft Visual Studio Solution File, Format Version 12.00
# Visual Studio 15
VisualStudioVersion = 15.0.28307.1433
MinimumVisualStudioVersion = 10.0.40219.1
Project("{8BC9CEB8-8B4A-11D0-8D11-00A0C91BC942}") = "0416_class", "0416_class\0416_class.vcxproj", "{EA84A1E9-2E42-4EA7-A999-8134D115797C}"
EndProject
Global
	GlobalSection(SolutionConfigurationPlatforms) = preSolution
		Debug|x64 = Debug|x64
		Debug|x86 = Debug|x86
		Release|x64 = Release|x64
		Release|x86 = Release|x86
	EndGlobalSection
	GlobalSection(ProjectConfigurationPlatforms) = postSolution
		{EA84A1E9-2E42-4EA7-A999-8134D115797C}.Debug|x64.ActiveCfg = Debug|x64
		{EA84A1E9-2E42-4EA7-A999-8134D115797C}.Debug|x64.Build.0 = Debug|x64
		{EA84A1E9-2E42-4EA7-A999-8134D115797C}.Debug|x86.ActiveCfg = Debug|Win32
		{EA84A1E9-2E42-4EA7-A999-8134D115797C}.Debug|x86.Build.0 = Debug|Win32
		{EA84A1E9-2E42-4EA7-A999-8134D115797C}.Release|x64.ActiveCfg = Release|x64
		{EA84A1E9-2E42-4EA7-A999-8134D115797C}.Release|x64.Build.0 = Release|x64
		{EA84A1E9-2E42-4EA7-A999-8134D115797C}.Release|x86.ActiveCfg = Release|Win32
		{EA84A1E9-2E42-4EA7-A999-8134D115797C}.Release|x86.Build.0 = Release|Win32
	EndGlobalSection
	GlobalSection(SolutionProperties) = preSolution
		HideSolutionNode = FALSE
	EndGlobalSection
	GlobalSection(ExtensibilityGlobals) = postSolution
		SolutionGuid = {364914A2-A720-45FB-B2F9-ED8AB2AB01F8}
	EndGlobalSection
EndGlobal
